
Microsoft Visual Studio Solution File, Format Version 9.00
# Visual Studio 2005
Project("{FAE04EC0-301F-11D3-BF4B-00C04F79EFBC}") = "YuantaAPIDemo", "YuantaAPIDemo.csproj", "{E7943242-27D2-4D3D-894C-50D5298FD5B9}"
EndProject
Global
	GlobalSection(SolutionConfigurationPlatforms) = preSolution
		Debug|Any CPU = Debug|Any CPU
		Release|Any CPU = Release|Any CPU
	EndGlobalSection
	GlobalSection(ProjectConfigurationPlatforms) = postSolution
		{E7943242-27D2-4D3D-894C-50D5298FD5B9}.Debug|Any CPU.ActiveCfg = Debug|Any CPU
		{E7943242-27D2-4D3D-894C-50D5298FD5B9}.Debug|Any CPU.Build.0 = Debug|Any CPU
		{E7943242-27D2-4D3D-894C-50D5298FD5B9}.Release|Any CPU.ActiveCfg = Release|Any CPU
		{E7943242-27D2-4D3D-894C-50D5298FD5B9}.Release|Any CPU.Build.0 = Release|Any CPU
	EndGlobalSection
	GlobalSection(SolutionProperties) = preSolution
		HideSolutionNode = FALSE
	EndGlobalSection
EndGlobal
